// !$*UTF8*$!
{
	archiveVersion = 1;
	classes = {
	};
	objectVersion = 77;
	objects = {

/* Begin PBXContainerItemProxy section */
		CAE010B92EA150FC00DA180C /* PBXContainerItemProxy */ = {
			isa = PBXContainerItemProxy;
			containerPortal = CAE010A12EA150FA00DA180C /* Project object */;
			proxyType = 1;
			remoteGlobalIDString = CAE010A82EA150FA00DA180C;
			remoteInfo = HeadroomCalc;
		};
		CAE010C32EA150FC00DA180C /* PBXContainerItemProxy */ = {
			isa = PBXContainerItemProxy;
			containerPortal = CAE010A12EA150FA00DA180C /* Project object */;
			proxyType = 1;
			remoteGlobalIDString = CAE010A82EA150FA00DA180C;
			remoteInfo = HeadroomCalc;
		};
/* End PBXContainerItemProxy section */

/* Begin PBXFileReference section */
		CAE010A92EA150FA00DA180C /* HeadroomCalc.app */ = {isa = PBXFileReference; explicitFileType = wrapper.application; includeInIndex = 0; path = HeadroomCalc.app; sourceTree = BUILT_PRODUCTS_DIR; };
		CAE010B82EA150FC00DA180C /* HeadroomCalcTests.xctest */ = {isa = PBXFileReference; explicitFileType = wrapper.cfbundle; includeInIndex = 0; path = HeadroomCalcTests.xctest; sourceTree = BUILT_PRODUCTS_DIR; };
		CAE010C22EA150FC00DA180C /* HeadroomCalcUITests.xctest */ = {isa = PBXFileReference; explicitFileType = wrapper.cfbundle; includeInIndex = 0; path = HeadroomCalcUITests.xctest; sourceTree = BUILT_PRODUCTS_DIR; };
/* End PBXFileReference section */

/* Begin PBXFileSystemSynchronizedRootGroup section */
		CAE010AB2EA150FA00DA180C /* HeadroomCalc */ = {
			isa = PBXFileSystemSynchronizedRootGroup;
			path = HeadroomCalc;
			sourceTree = "<group>";
		};
		CAE010BB2EA150FC00DA180C /* HeadroomCalcTests */ = {
			isa = PBXFileSystemSynchronizedRootGroup;
			path = HeadroomCalcTests;
			sourceTree = "<group>";
		};
		CAE010C52EA150FC00DA180C /* HeadroomCalcUITests */ = {
			isa = PBXFileSystemSynchronizedRootGroup;
			path = HeadroomCalcUITests;
			sourceTree = "<group>";
		};
/* End PBXFileSystemSynchronizedRootGroup section */

/* Begin PBXFrameworksBuildPhase section */
		CAE010A62EA150FA00DA180C /* Frameworks */ = {
			isa = PBXFrameworksBuildPhase;
			buildActionMask = 2147483647;
			files = (
			);
			runOnlyForDeploymentPostprocessing = 0;
		};
		CAE010B52EA150FC00DA180C /* Frameworks */ = {
			isa = PBXFrameworksBuildPhase;
			buildActionMask = 2147483647;
			files = (
			);
			runOnlyForDeploymentPostprocessing = 0;
		};
		CAE010BF2EA150FC00DA180C /* Frameworks */ = {
			isa = PBXFrameworksBuildPhase;
			buildActionMask = 2147483647;
			files = (
			);
			runOnlyForDeploymentPostprocessing = 0;
		};
/* End PBXFrameworksBuildPhase section */

/* Begin PBXGroup section */
		CAE010A02EA150FA00DA180C = {
			isa = PBXGroup;
			children = (
				CAE010AB2EA150FA00DA180C /* HeadroomCalc */,
				CAE010BB2EA150FC00DA180C /* HeadroomCalcTests */,
				CAE010C52EA150FC00DA180C /* HeadroomCalcUITests */,
				CAE010AA2EA150FA00DA180C /* Products */,
			);
			sourceTree = "<group>";
		};
		CAE010AA2EA150FA00DA180C /* Products */ = {
			isa = PBXGroup;
			children = (
				CAE010A92EA150FA00DA180C /* HeadroomCalc.app */,
				CAE010B82EA150FC00DA180C /* HeadroomCalcTests.xctest */,
				CAE010C22EA150FC00DA180C /* HeadroomCalcUITests.xctest */,
			);
			name = Products;
			sourceTree = "<group>";
		};
/* End PBXGroup section */

/* Begin PBXNativeTarget section */
		CAE010A82EA150FA00DA180C /* HeadroomCalc */ = {
			isa = PBXNativeTarget;
			buildConfigurationList = CAE010CC2EA150FC00DA180C /* Build configuration list for PBXNativeTarget "HeadroomCalc" */;
			buildPhases = (
				CAE010A52EA150FA00DA180C /* Sources */,
				CAE010A62EA150FA00DA180C /* Frameworks */,
				CAE010A72EA150FA00DA180C /* Resources */,
			);
			buildRules = (
			);
			dependencies = (
			);
			fileSystemSynchronizedGroups = (
				CAE010AB2EA150FA00DA180C /* HeadroomCalc */,
			);
			name = HeadroomCalc;
			packageProductDependencies = (
			);
			productName = HeadroomCalc;
			productReference = CAE010A92EA150FA00DA180C /* HeadroomCalc.app */;
			productType = "com.apple.product-type.application";
		};
		CAE010B72EA150FC00DA180C /* HeadroomCalcTests */ = {
			isa = PBXNativeTarget;
			buildConfigurationList = CAE010CF2EA150FC00DA180C /* Build configuration list for PBXNativeTarget "HeadroomCalcTests" */;
			buildPhases = (
				CAE010B42EA150FC00DA180C /* Sources */,
				CAE010B52EA150FC00DA180C /* Frameworks */,
				CAE010B62EA150FC00DA180C /* Resources */,
			);
			buildRules = (
			);
			dependencies = (
				CAE010BA2EA150FC00DA180C /* PBXTargetDependency */,
			);
			fileSystemSynchronizedGroups = (
				CAE010BB2EA150FC00DA180C /* HeadroomCalcTests */,
			);
			name = HeadroomCalcTests;
			packageProductDependencies = (
			);
			productName = HeadroomCalcTests;
			productReference = CAE010B82EA150FC00DA180C /* HeadroomCalcTests.xctest */;
			productType = "com.apple.product-type.bundle.unit-test";
		};
		CAE010C12EA150FC00DA180C /* HeadroomCalcUITests */ = {
			isa = PBXNativeTarget;
			buildConfigurationList = CAE010D22EA150FC00DA180C /* Build configuration list for PBXNativeTarget "HeadroomCalcUITests" */;
			buildPhases = (
				CAE010BE2EA150FC00DA180C /* Sources */,
				CAE010BF2EA150FC00DA180C /* Frameworks */,
				CAE010C02EA150FC00DA180C /* Resources */,
			);
			buildRules = (
			);
			dependencies = (
				CAE010C42EA150FC00DA180C /* PBXTargetDependency */,
			);
			fileSystemSynchronizedGroups = (
				CAE010C52EA150FC00DA180C /* HeadroomCalcUITests */,
			);
			name = HeadroomCalcUITests;
			packageProductDependencies = (
			);
			productName = HeadroomCalcUITests;
			productReference = CAE010C22EA150FC00DA180C /* HeadroomCalcUITests.xctest */;
			productType = "com.apple.product-type.bundle.ui-testing";
		};
/* End PBXNativeTarget section */

/* Begin PBXProject section */
		CAE010A12EA150FA00DA180C /* Project object */ = {
			isa = PBXProject;
			attributes = {
				BuildIndependentTargetsInParallel = 1;
				LastSwiftUpdateCheck = 1640;
				LastUpgradeCheck = 1640;
				TargetAttributes = {
					CAE010A82EA150FA00DA180C = {
						CreatedOnToolsVersion = 16.4;
					};
					CAE010B72EA150FC00DA180C = {
						CreatedOnToolsVersion = 16.4;
						TestTargetID = CAE010A82EA150FA00DA180C;
					};
					CAE010C12EA150FC00DA180C = {
						CreatedOnToolsVersion = 16.4;
						TestTargetID = CAE010A82EA150FA00DA180C;
					};
				};
			};
			buildConfigurationList = CAE010A42EA150FA00DA180C /* Build configuration list for PBXProject "HeadroomCalc" */;
			developmentRegion = en;
			hasScannedForEncodings = 0;
			knownRegions = (
				en,
				Base,
			);
			mainGroup = CAE010A02EA150FA00DA180C;
			minimizedProjectReferenceProxies = 1;
			preferredProjectObjectVersion = 77;
			productRefGroup = CAE010AA2EA150FA00DA180C /* Products */;
			projectDirPath = "";
			projectRoot = "";
			targets = (
				CAE010A82EA150FA00DA180C /* HeadroomCalc */,
				CAE010B72EA150FC00DA180C /* HeadroomCalcTests */,
				CAE010C12EA150FC00DA180C /* HeadroomCalcUITests */,
			);
		};
/* End PBXProject section */

/* Begin PBXResourcesBuildPhase section */
		CAE010A72EA150FA00DA180C /* Resources */ = {
			isa = PBXResourcesBuildPhase;
			buildActionMask = 2147483647;
			files = (
			);
			runOnlyForDeploymentPostprocessing = 0;
		};
		CAE010B62EA150FC00DA180C /* Resources */ = {
			isa = PBXResourcesBuildPhase;
			buildActionMask = 2147483647;
			files = (
			);
			runOnlyForDeploymentPostprocessing = 0;
		};
		CAE010C02EA150FC00DA180C /* Resources */ = {
			isa = PBXResourcesBuildPhase;
			buildActionMask = 2147483647;
			files = (
			);
			runOnlyForDeploymentPostprocessing = 0;
		};
/* End PBXResourcesBuildPhase section */

/* Begin PBXSourcesBuildPhase section */
		CAE010A52EA150FA00DA180C /* Sources */ = {
			isa = PBXSourcesBuildPhase;
			buildActionMask = 2147483647;
			files = (
			);
			runOnlyForDeploymentPostprocessing = 0;
		};
		CAE010B42EA150FC00DA180C /* Sources */ = {
			isa = PBXSourcesBuildPhase;
			buildActionMask = 2147483647;
			files = (
			);
			runOnlyForDeploymentPostprocessing = 0;
		};
		CAE010BE2EA150FC00DA180C /* Sources */ = {
			isa = PBXSourcesBuildPhase;
			buildActionMask = 2147483647;
			files = (
			);
			runOnlyForDeploymentPostprocessing = 0;
		};
/* End PBXSourcesBuildPhase section */

/* Begin PBXTargetDependency section */
		CAE010BA2EA150FC00DA180C /* PBXTargetDependency */ = {
			isa = PBXTargetDependency;
			target = CAE010A82EA150FA00DA180C /* HeadroomCalc */;
			targetProxy = CAE010B92EA150FC00DA180C /* PBXContainerItemProxy */;
		};
		CAE010C42EA150FC00DA180C /* PBXTargetDependency */ = {
			isa = PBXTargetDependency;
			target = CAE010A82EA150FA00DA180C /* HeadroomCalc */;
			targetProxy = CAE010C32EA150FC00DA180C /* PBXContainerItemProxy */;
		};
/* End PBXTargetDependency section */

/* Begin XCBuildConfiguration section */
		CAE010CA2EA150FC00DA180C /* Debug */ = {
			isa = XCBuildConfiguration;
			buildSettings = {
				ALWAYS_SEARCH_USER_PATHS = NO;
				ASSETCATALOG_COMPILER_GENERATE_SWIFT_ASSET_SYMBOL_EXTENSIONS = YES;
				CLANG_ANALYZER_NONNULL = YES;
				CLANG_ANALYZER_NUMBER_OBJECT_CONVERSION = YES_AGGRESSIVE;
				CLANG_CXX_LANGUAGE_STANDARD = "gnu++20";
				CLANG_ENABLE_MODULES = YES;
				CLANG_ENABLE_OBJC_ARC = YES;
				CLANG_ENABLE_OBJC_WEAK = YES;
				CLANG_WARN_BLOCK_CAPTURE_AUTORELEASING = YES;
				CLANG_WARN_BOOL_CONVERSION = YES;
				CLANG_WARN_COMMA = YES;
				CLANG_WARN_CONSTANT_CONVERSION = YES;
				CLANG_WARN_DEPRECATED_OBJC_IMPLEMENTATIONS = YES;
				CLANG_WARN_DIRECT_OBJC_ISA_USAGE = YES_ERROR;
				CLANG_WARN_DOCUMENTATION_COMMENTS = YES;
				CLANG_WARN_EMPTY_BODY = YES;
				CLANG_WARN_ENUM_CONVERSION = YES;
				CLANG_WARN_INFINITE_RECURSION = YES;
				CLANG_WARN_INT_CONVERSION = YES;
				CLANG_WARN_NON_LITERAL_NULL_CONVERSION = YES;
				CLANG_WARN_OBJC_IMPLICIT_RETAIN_SELF = YES;
				CLANG_WARN_OBJC_LITERAL_CONVERSION = YES;
				CLANG_WARN_OBJC_ROOT_CLASS = YES_ERROR;
				CLANG_WARN_QUOTED_INCLUDE_IN_FRAMEWORK_HEADER = YES;
				CLANG_WARN_RANGE_LOOP_ANALYSIS = YES;
				CLANG_WARN_STRICT_PROTOTYPES = YES;
				CLANG_WARN_SUSPICIOUS_MOVE = YES;
				CLANG_WARN_UNGUARDED_AVAILABILITY = YES_AGGRESSIVE;
				CLANG_WARN_UNREACHABLE_CODE = YES;
				CLANG_WARN__DUPLICATE_METHOD_MATCH = YES;
				COPY_PHASE_STRIP = NO;
				DEBUG_INFORMATION_FORMAT = dwarf;
				DEVELOPMENT_TEAM = 9FU6E455R6;
				ENABLE_STRICT_OBJC_MSGSEND = YES;
				ENABLE_TESTABILITY = YES;
				ENABLE_USER_SCRIPT_SANDBOXING = YES;
				GCC_C_LANGUAGE_STANDARD = gnu17;
				GCC_DYNAMIC_NO_PIC = NO;
				GCC_NO_COMMON_BLOCKS = YES;
				GCC_OPTIMIZATION_LEVEL = 0;
				GCC_PREPROCESSOR_DEFINITIONS = (
					"DEBUG=1",
					"$(inherited)",
				);
				GCC_WARN_64_TO_32_BIT_CONVERSION = YES;
				GCC_WARN_ABOUT_RETURN_TYPE = YES_ERROR;
				GCC_WARN_UNDECLARED_SELECTOR = YES;
				GCC_WARN_UNINITIALIZED_AUTOS = YES_AGGRESSIVE;
				GCC_WARN_UNUSED_FUNCTION = YES;
				GCC_WARN_UNUSED_VARIABLE = YES;
				IPHONEOS_DEPLOYMENT_TARGET = 18.5;
				LOCALIZATION_PREFERS_STRING_CATALOGS = YES;
				MTL_ENABLE_DEBUG_INFO = INCLUDE_SOURCE;
				MTL_FAST_MATH = YES;
				ONLY_ACTIVE_ARCH = YES;
				SDKROOT = iphoneos;
				SWIFT_ACTIVE_COMPILATION_CONDITIONS = "DEBUG $(inherited)";
				SWIFT_OPTIMIZATION_LEVEL = "-Onone";
			};
			name = Debug;
		};
		CAE010CB2EA150FC00DA180C /* Release */ = {
			isa = XCBuildConfiguration;
			buildSettings = {
				ALWAYS_SEARCH_USER_PATHS = NO;
				ASSETCATALOG_COMPILER_GENERATE_SWIFT_ASSET_SYMBOL_EXTENSIONS = YES;
				CLANG_ANALYZER_NONNULL = YES;
				CLANG_ANALYZER_NUMBER_OBJECT_CONVERSION = YES_AGGRESSIVE;
				CLANG_CXX_LANGUAGE_STANDARD = "gnu++20";
				CLANG_ENABLE_MODULES = YES;
				CLANG_ENABLE_OBJC_ARC = YES;
				CLANG_ENABLE_OBJC_WEAK = YES;
				CLANG_WARN_BLOCK_CAPTURE_AUTORELEASING = YES;
				CLANG_WARN_BOOL_CONVERSION = YES;
				CLANG_WARN_COMMA = YES;
				CLANG_WARN_CONSTANT_CONVERSION = YES;
				CLANG_WARN_DEPRECATED_OBJC_IMPLEMENTATIONS = YES;
				CLANG_WARN_DIRECT_OBJC_ISA_USAGE = YES_ERROR;
				CLANG_WARN_DOCUMENTATION_COMMENTS = YES;
				CLANG_WARN_EMPTY_BODY = YES;
				CLANG_WARN_ENUM_CONVERSION = YES;
				CLANG_WARN_INFINITE_RECURSION = YES;
				CLANG_WARN_INT_CONVERSION = YES;
				CLANG_WARN_NON_LITERAL_NULL_CONVERSION = YES;
				CLANG_WARN_OBJC_IMPLICIT_RETAIN_SELF = YES;
				CLANG_WARN_OBJC_LITERAL_CONVERSION = YES;
				CLANG_WARN_OBJC_ROOT_CLASS = YES_ERROR;
				CLANG_WARN_QUOTED_INCLUDE_IN_FRAMEWORK_HEADER = YES;
				CLANG_WARN_RANGE_LOOP_ANALYSIS = YES;
				CLANG_WARN_STRICT_PROTOTYPES = YES;
				CLANG_WARN_SUSPICIOUS_MOVE = YES;
				CLANG_WARN_UNGUARDED_AVAILABILITY = YES_AGGRESSIVE;
				CLANG_WARN_UNREACHABLE_CODE = YES;
				CLANG_WARN__DUPLICATE_METHOD_MATCH = YES;
				COPY_PHASE_STRIP = NO;
				DEBUG_INFORMATION_FORMAT = "dwarf-with-dsym";
				DEVELOPMENT_TEAM = 9FU6E455R6;
				ENABLE_NS_ASSERTIONS = NO;
				ENABLE_STRICT_OBJC_MSGSEND = YES;
				ENABLE_USER_SCRIPT_SANDBOXING = YES;
				GCC_C_LANGUAGE_STANDARD = gnu17;
				GCC_NO_COMMON_BLOCKS = YES;
				GCC_WARN_64_TO_32_BIT_CONVERSION = YES;
				GCC_WARN_ABOUT_RETURN_TYPE = YES_ERROR;
				GCC_WARN_UNDECLARED_SELECTOR = YES;
				GCC_WARN_UNINITIALIZED_AUTOS = YES_AGGRESSIVE;
				GCC_WARN_UNUSED_FUNCTION = YES;
				GCC_WARN_UNUSED_VARIABLE = YES;
				IPHONEOS_DEPLOYMENT_TARGET = 18.5;
				LOCALIZATION_PREFERS_STRING_CATALOGS = YES;
				MTL_ENABLE_DEBUG_INFO = NO;
				MTL_FAST_MATH = YES;
				SDKROOT = iphoneos;
				SWIFT_COMPILATION_MODE = wholemodule;
				VALIDATE_PRODUCT = YES;
			};
			name = Release;
		};
		CAE010CD2EA150FC00DA180C /* Debug */ = {
			isa = XCBuildConfiguration;
			buildSettings = {
				ASSETCATALOG_COMPILER_APPICON_NAME = AppIcon;
				ASSETCATALOG_COMPILER_GLOBAL_ACCENT_COLOR_NAME = AccentColor;
				CODE_SIGN_STYLE = Automatic;
				CURRENT_PROJECT_VERSION = 1;
				DEVELOPMENT_TEAM = 9FU6E455R6;
				ENABLE_PREVIEWS = YES;
				GENERATE_INFOPLIST_FILE = YES;
				INFOPLIST_KEY_UIApplicationSceneManifest_Generation = YES;
				INFOPLIST_KEY_UIApplicationSupportsIndirectInputEvents = YES;
				INFOPLIST_KEY_UILaunchScreen_Generation = YES;
				INFOPLIST_KEY_UISupportedInterfaceOrientations_iPad = "UIInterfaceOrientationPortrait UIInterfaceOrientationPortraitUpsideDown UIInterfaceOrientationLandscapeLeft UIInterfaceOrientationLandscapeRight";
				INFOPLIST_KEY_UISupportedInterfaceOrientations_iPhone = "UIInterfaceOrientationPortrait UIInterfaceOrientationLandscapeLeft UIInterfaceOrientationLandscapeRight";
				LD_RUNPATH_SEARCH_PATHS = (
					"$(inherited)",
					"@executable_path/Frameworks",
				);
				MARKETING_VERSION = 1.0;
				PRODUCT_BUNDLE_IDENTIFIER = AerialCode.HeadroomCalc;
				PRODUCT_NAME = "$(TARGET_NAME)";
				SWIFT_EMIT_LOC_STRINGS = YES;
				SWIFT_VERSION = 5.0;
				TARGETED_DEVICE_FAMILY = "1,2";
			};
			name = Debug;
		};
		CAE010CE2EA150FC00DA180C /* Release */ = {
			isa = XCBuildConfiguration;
			buildSettings = {
				ASSETCATALOG_COMPILER_APPICON_NAME = AppIcon;
				ASSETCATALOG_COMPILER_GLOBAL_ACCENT_COLOR_NAME = AccentColor;
				CODE_SIGN_STYLE = Automatic;
				CURRENT_PROJECT_VERSION = 1;
				DEVELOPMENT_TEAM = 9FU6E455R6;
				ENABLE_PREVIEWS = YES;
				GENERATE_INFOPLIST_FILE = YES;
				INFOPLIST_KEY_UIApplicationSceneManifest_Generation = YES;
				INFOPLIST_KEY_UIApplicationSupportsIndirectInputEvents = YES;
				INFOPLIST_KEY_UILaunchScreen_Generation = YES;
				INFOPLIST_KEY_UISupportedInterfaceOrientations_iPad = "UIInterfaceOrientationPortrait UIInterfaceOrientationPortraitUpsideDown UIInterfaceOrientationLandscapeLeft UIInterfaceOrientationLandscapeRight";
				INFOPLIST_KEY_UISupportedInterfaceOrientations_iPhone = "UIInterfaceOrientationPortrait UIInterfaceOrientationLandscapeLeft UIInterfaceOrientationLandscapeRight";
				LD_RUNPATH_SEARCH_PATHS = (
					"$(inherited)",
					"@executable_path/Frameworks",
				);
				MARKETING_VERSION = 1.0;
				PRODUCT_BUNDLE_IDENTIFIER = AerialCode.HeadroomCalc;
				PRODUCT_NAME = "$(TARGET_NAME)";
				SWIFT_EMIT_LOC_STRINGS = YES;
				SWIFT_VERSION = 5.0;
				TARGETED_DEVICE_FAMILY = "1,2";
			};
			name = Release;
		};
		CAE010D02EA150FC00DA180C /* Debug */ = {
			isa = XCBuildConfiguration;
			buildSettings = {
				BUNDLE_LOADER = "$(TEST_HOST)";
				CODE_SIGN_STYLE = Automatic;
				CURRENT_PROJECT_VERSION = 1;
				DEVELOPMENT_TEAM = 9FU6E455R6;
				GENERATE_INFOPLIST_FILE = YES;
				IPHONEOS_DEPLOYMENT_TARGET = 18.5;
				MARKETING_VERSION = 1.0;
				PRODUCT_BUNDLE_IDENTIFIER = AerialCode.HeadroomCalcTests;
				PRODUCT_NAME = "$(TARGET_NAME)";
				SWIFT_EMIT_LOC_STRINGS = NO;
				SWIFT_VERSION = 5.0;
				TARGETED_DEVICE_FAMILY = "1,2";
				TEST_HOST = "$(BUILT_PRODUCTS_DIR)/HeadroomCalc.app/$(BUNDLE_EXECUTABLE_FOLDER_PATH)/HeadroomCalc";
			};
			name = Debug;
		};
		CAE010D12EA150FC00DA180C /* Release */ = {
			isa = XCBuildConfiguration;
			buildSettings = {
				BUNDLE_LOADER = "$(TEST_HOST)";
				CODE_SIGN_STYLE = Automatic;
				CURRENT_PROJECT_VERSION = 1;
				DEVELOPMENT_TEAM = 9FU6E455R6;
				GENERATE_INFOPLIST_FILE = YES;
				IPHONEOS_DEPLOYMENT_TARGET = 18.5;
				MARKETING_VERSION = 1.0;
				PRODUCT_BUNDLE_IDENTIFIER = AerialCode.HeadroomCalcTests;
				PRODUCT_NAME = "$(TARGET_NAME)";
				SWIFT_EMIT_LOC_STRINGS = NO;
				SWIFT_VERSION = 5.0;
				TARGETED_DEVICE_FAMILY = "1,2";
				TEST_HOST = "$(BUILT_PRODUCTS_DIR)/HeadroomCalc.app/$(BUNDLE_EXECUTABLE_FOLDER_PATH)/HeadroomCalc";
			};
			name = Release;
		};
		CAE010D32EA150FC00DA180C /* Debug */ = {
			isa = XCBuildConfiguration;
			buildSettings = {
				CODE_SIGN_STYLE = Automatic;
				CURRENT_PROJECT_VERSION = 1;
				DEVELOPMENT_TEAM = 9FU6E455R6;
				GENERATE_INFOPLIST_FILE = YES;
				MARKETING_VERSION = 1.0;
				PRODUCT_BUNDLE_IDENTIFIER = AerialCode.HeadroomCalcUITests;
				PRODUCT_NAME = "$(TARGET_NAME)";
				SWIFT_EMIT_LOC_STRINGS = NO;
				SWIFT_VERSION = 5.0;
				TARGETED_DEVICE_FAMILY = "1,2";
				TEST_TARGET_NAME = HeadroomCalc;
			};
			name = Debug;
		};
		CAE010D42EA150FC00DA180C /* Release */ = {
			isa = XCBuildConfiguration;
			buildSettings = {
				CODE_SIGN_STYLE = Automatic;
				CURRENT_PROJECT_VERSION = 1;
				DEVELOPMENT_TEAM = 9FU6E455R6;
				GENERATE_INFOPLIST_FILE = YES;
				MARKETING_VERSION = 1.0;
				PRODUCT_BUNDLE_IDENTIFIER = AerialCode.HeadroomCalcUITests;
				PRODUCT_NAME = "$(TARGET_NAME)";
				SWIFT_EMIT_LOC_STRINGS = NO;
				SWIFT_VERSION = 5.0;
				TARGETED_DEVICE_FAMILY = "1,2";
				TEST_TARGET_NAME = HeadroomCalc;
			};
			name = Release;
		};
/* End XCBuildConfiguration section */

/* Begin XCConfigurationList section */
		CAE010A42EA150FA00DA180C /* Build configuration list for PBXProject "HeadroomCalc" */ = {
			isa = XCConfigurationList;
			buildConfigurations = (
				CAE010CA2EA150FC00DA180C /* Debug */,
				CAE010CB2EA150FC00DA180C /* Release */,
			);
			defaultConfigurationIsVisible = 0;
			defaultConfigurationName = Release;
		};
		CAE010CC2EA150FC00DA180C /* Build configuration list for PBXNativeTarget "HeadroomCalc" */ = {
			isa = XCConfigurationList;
			buildConfigurations = (
				CAE010CD2EA150FC00DA180C /* Debug */,
				CAE010CE2EA150FC00DA180C /* Release */,
			);
			defaultConfigurationIsVisible = 0;
			defaultConfigurationName = Release;
		};
		CAE010CF2EA150FC00DA180C /* Build configuration list for PBXNativeTarget "HeadroomCalcTests" */ = {
			isa = XCConfigurationList;
			buildConfigurations = (
				CAE010D02EA150FC00DA180C /* Debug */,
				CAE010D12EA150FC00DA180C /* Release */,
			);
			defaultConfigurationIsVisible = 0;
			defaultConfigurationName = Release;
		};
		CAE010D22EA150FC00DA180C /* Build configuration list for PBXNativeTarget "HeadroomCalcUITests" */ = {
			isa = XCConfigurationList;
			buildConfigurations = (
				CAE010D32EA150FC00DA180C /* Debug */,
				CAE010D42EA150FC00DA180C /* Release */,
			);
			defaultConfigurationIsVisible = 0;
			defaultConfigurationName = Release;
		};
/* End XCConfigurationList section */
	};
	rootObject = CAE010A12EA150FA00DA180C /* Project object */;
}
